
Microsoft Visual Studio Solution File, Format Version 10.00
# Visual Studio 2008
Project("{FAE04EC0-301F-11D3-BF4B-00C04F79EFBC}") = "Tenor", "Tenor\Tenor.csproj", "{5FAE8827-5AED-4918-9FFB-85B7E91901F5}"
EndProject
Project("{FAE04EC0-301F-11D3-BF4B-00C04F79EFBC}") = "Tenor.Web.UI", "Tenor.Web.UI\Tenor.Web.UI.csproj", "{87AB0401-5634-4DAE-8ED9-77DCE524FD80}"
EndProject
Project("{2150E333-8FDC-42A3-9474-1A3956D46DE8}") = "Resources", "Resources", "{4ED50A48-424F-4C4A-85F1-0EF76EE07AE0}"
	ProjectSection(SolutionItems) = preProject
		license.txt = license.txt
	EndProjectSection
EndProject
Project("{2150E333-8FDC-42A3-9474-1A3956D46DE8}") = "bin", "bin", "{9547EA97-71B2-4507-A4C0-4FA0A7FF3BE2}"
	ProjectSection(SolutionItems) = preProject
		Resources\bin\Mono.Security.dll = Resources\bin\Mono.Security.dll
		Resources\bin\MySql.Data.dll = Resources\bin\MySql.Data.dll
		Resources\bin\Npgsql.dll = Resources\bin\Npgsql.dll
		Resources\bin\Npgsql.xml = Resources\bin\Npgsql.xml
		Resources\bin\System.Data.SQLite.DLL = Resources\bin\System.Data.SQLite.DLL
		Resources\bin\System.Data.SQLite.xml = Resources\bin\System.Data.SQLite.xml
	EndProjectSection
EndProject
Project("{2150E333-8FDC-42A3-9474-1A3956D46DE8}") = "template", "template", "{4B0039AE-5D37-4849-9691-39C6C54710B8}"
	ProjectSection(SolutionItems) = preProject
		Resources\mygen-template\BLLBased-beta.zeus = Resources\mygen-template\BLLBased-beta.zeus
		Resources\mygen-template\BLLBased-CS.zeus = Resources\mygen-template\BLLBased-CS.zeus
		Resources\mygen-template\BLLBased.zeus = Resources\mygen-template\BLLBased.zeus
		Resources\mygen-template\TemplateSnippets.xml = Resources\mygen-template\TemplateSnippets.xml
	EndProjectSection
EndProject
Project("{2150E333-8FDC-42A3-9474-1A3956D46DE8}") = "docs", "docs", "{A68E76D2-36DE-46D5-B779-FA9AFD961640}"
	ProjectSection(SolutionItems) = preProject
		Resources\docs\concepts.xml = Resources\docs\concepts.xml
		Resources\docs\reference-guide.shfb = Resources\docs\reference-guide.shfb
	EndProjectSection
EndProject
Project("{FAE04EC0-301F-11D3-BF4B-00C04F79EFBC}") = "SampleApp", "SampleApp\SampleApp.csproj", "{5942CEF1-5760-435F-AE6E-8EC99B243314}"
EndProject
Project("{FAE04EC0-301F-11D3-BF4B-00C04F79EFBC}") = "Tenor.Test", "Tenor.Test\Tenor.Test.csproj", "{3D49FCBB-2056-44F2-99BA-AFEE78086F84}"
EndProject
Project("{2150E333-8FDC-42A3-9474-1A3956D46DE8}") = "Solution Items", "Solution Items", "{5ADC66AA-3131-41F6-8005-8DB1E69FBCF0}"
	ProjectSection(SolutionItems) = preProject
		LocalTestRun.testrunconfig = LocalTestRun.testrunconfig
		TenorFramework.vsmdi = TenorFramework.vsmdi
	EndProjectSection
EndProject
Project("{FAE04EC0-301F-11D3-BF4B-00C04F79EFBC}") = "SampleApp.Business", "SampleApp.Business\SampleApp.Business.csproj", "{648E95EC-A041-41B6-B201-B82AD0440A77}"
EndProject
Project("{FAE04EC0-301F-11D3-BF4B-00C04F79EFBC}") = "Tenor.Linq", "Tenor.Linq\Tenor.Linq.csproj", "{BD10F917-67D6-40F9-B934-ACE73E30E6F3}"
EndProject
Global
	GlobalSection(TestCaseManagementSettings) = postSolution
		CategoryFile = TenorFramework.vsmdi
	EndGlobalSection
	GlobalSection(SolutionConfigurationPlatforms) = preSolution
		Debug|mssql = Debug|mssql
		Debug|mysql = Debug|mysql
		Debug|oracle = Debug|oracle
		Debug|postgres = Debug|postgres
		Debug|sqlite = Debug|sqlite
		Mono-Debug|mssql = Mono-Debug|mssql
		Mono-Debug|mysql = Mono-Debug|mysql
		Mono-Debug|oracle = Mono-Debug|oracle
		Mono-Debug|postgres = Mono-Debug|postgres
		Mono-Debug|sqlite = Mono-Debug|sqlite
		Mono-Release|mssql = Mono-Release|mssql
		Mono-Release|mysql = Mono-Release|mysql
		Mono-Release|oracle = Mono-Release|oracle
		Mono-Release|postgres = Mono-Release|postgres
		Mono-Release|sqlite = Mono-Release|sqlite
		Release|mssql = Release|mssql
		Release|mysql = Release|mysql
		Release|oracle = Release|oracle
		Release|postgres = Release|postgres
		Release|sqlite = Release|sqlite
	EndGlobalSection
	GlobalSection(ProjectConfigurationPlatforms) = postSolution
		{5FAE8827-5AED-4918-9FFB-85B7E91901F5}.Debug|mssql.ActiveCfg = Debug|mssql
		{5FAE8827-5AED-4918-9FFB-85B7E91901F5}.Debug|mssql.Build.0 = Debug|mssql
		{5FAE8827-5AED-4918-9FFB-85B7E91901F5}.Debug|mysql.ActiveCfg = Debug|mysql
		{5FAE8827-5AED-4918-9FFB-85B7E91901F5}.Debug|mysql.Build.0 = Debug|mysql
		{5FAE8827-5AED-4918-9FFB-85B7E91901F5}.Debug|oracle.ActiveCfg = Debug|oracle
		{5FAE8827-5AED-4918-9FFB-85B7E91901F5}.Debug|oracle.Build.0 = Debug|oracle
		{5FAE8827-5AED-4918-9FFB-85B7E91901F5}.Debug|postgres.ActiveCfg = Debug|postgres
		{5FAE8827-5AED-4918-9FFB-85B7E91901F5}.Debug|postgres.Build.0 = Debug|postgres
		{5FAE8827-5AED-4918-9FFB-85B7E91901F5}.Debug|sqlite.ActiveCfg = Debug|sqlite
		{5FAE8827-5AED-4918-9FFB-85B7E91901F5}.Debug|sqlite.Build.0 = Debug|sqlite
		{5FAE8827-5AED-4918-9FFB-85B7E91901F5}.Mono-Debug|mssql.ActiveCfg = Mono-Debug|mssql
		{5FAE8827-5AED-4918-9FFB-85B7E91901F5}.Mono-Debug|mssql.Build.0 = Mono-Debug|mssql
		{5FAE8827-5AED-4918-9FFB-85B7E91901F5}.Mono-Debug|mysql.ActiveCfg = Mono-Debug|mysql
		{5FAE8827-5AED-4918-9FFB-85B7E91901F5}.Mono-Debug|mysql.Build.0 = Mono-Debug|mysql
		{5FAE8827-5AED-4918-9FFB-85B7E91901F5}.Mono-Debug|oracle.ActiveCfg = Mono-Debug|oracle
		{5FAE8827-5AED-4918-9FFB-85B7E91901F5}.Mono-Debug|oracle.Build.0 = Mono-Debug|oracle
		{5FAE8827-5AED-4918-9FFB-85B7E91901F5}.Mono-Debug|postgres.ActiveCfg = Mono-Debug|postgres
		{5FAE8827-5AED-4918-9FFB-85B7E91901F5}.Mono-Debug|postgres.Build.0 = Mono-Debug|postgres
		{5FAE8827-5AED-4918-9FFB-85B7E91901F5}.Mono-Debug|sqlite.ActiveCfg = Mono-Debug|sqlite
		{5FAE8827-5AED-4918-9FFB-85B7E91901F5}.Mono-Debug|sqlite.Build.0 = Mono-Debug|sqlite
		{5FAE8827-5AED-4918-9FFB-85B7E91901F5}.Mono-Release|mssql.ActiveCfg = Mono-Release|mssql
		{5FAE8827-5AED-4918-9FFB-85B7E91901F5}.Mono-Release|mssql.Build.0 = Mono-Release|mssql
		{5FAE8827-5AED-4918-9FFB-85B7E91901F5}.Mono-Release|mysql.ActiveCfg = Mono-Release|mysql
		{5FAE8827-5AED-4918-9FFB-85B7E91901F5}.Mono-Release|mysql.Build.0 = Mono-Release|mysql
		{5FAE8827-5AED-4918-9FFB-85B7E91901F5}.Mono-Release|oracle.ActiveCfg = Mono-Release|oracle
		{5FAE8827-5AED-4918-9FFB-85B7E91901F5}.Mono-Release|oracle.Build.0 = Mono-Release|oracle
		{5FAE8827-5AED-4918-9FFB-85B7E91901F5}.Mono-Release|postgres.ActiveCfg = Mono-Release|postgres
		{5FAE8827-5AED-4918-9FFB-85B7E91901F5}.Mono-Release|postgres.Build.0 = Mono-Release|postgres
		{5FAE8827-5AED-4918-9FFB-85B7E91901F5}.Mono-Release|sqlite.ActiveCfg = Mono-Release|sqlite
		{5FAE8827-5AED-4918-9FFB-85B7E91901F5}.Mono-Release|sqlite.Build.0 = Mono-Release|sqlite
		{5FAE8827-5AED-4918-9FFB-85B7E91901F5}.Release|mssql.ActiveCfg = Release|mssql
		{5FAE8827-5AED-4918-9FFB-85B7E91901F5}.Release|mssql.Build.0 = Release|mssql
		{5FAE8827-5AED-4918-9FFB-85B7E91901F5}.Release|mysql.ActiveCfg = Release|mysql
		{5FAE8827-5AED-4918-9FFB-85B7E91901F5}.Release|mysql.Build.0 = Release|mysql
		{5FAE8827-5AED-4918-9FFB-85B7E91901F5}.Release|oracle.ActiveCfg = Release|oracle
		{5FAE8827-5AED-4918-9FFB-85B7E91901F5}.Release|oracle.Build.0 = Release|oracle
		{5FAE8827-5AED-4918-9FFB-85B7E91901F5}.Release|postgres.ActiveCfg = Release|postgres
		{5FAE8827-5AED-4918-9FFB-85B7E91901F5}.Release|postgres.Build.0 = Release|postgres
		{5FAE8827-5AED-4918-9FFB-85B7E91901F5}.Release|sqlite.ActiveCfg = Release|sqlite
		{5FAE8827-5AED-4918-9FFB-85B7E91901F5}.Release|sqlite.Build.0 = Release|sqlite
		{87AB0401-5634-4DAE-8ED9-77DCE524FD80}.Debug|mssql.ActiveCfg = Debug|mssql
		{87AB0401-5634-4DAE-8ED9-77DCE524FD80}.Debug|mssql.Build.0 = Debug|mssql
		{87AB0401-5634-4DAE-8ED9-77DCE524FD80}.Debug|mysql.ActiveCfg = Debug|mysql
		{87AB0401-5634-4DAE-8ED9-77DCE524FD80}.Debug|mysql.Build.0 = Debug|mysql
		{87AB0401-5634-4DAE-8ED9-77DCE524FD80}.Debug|oracle.ActiveCfg = Debug|oracle
		{87AB0401-5634-4DAE-8ED9-77DCE524FD80}.Debug|oracle.Build.0 = Debug|oracle
		{87AB0401-5634-4DAE-8ED9-77DCE524FD80}.Debug|postgres.ActiveCfg = Debug|postgres
		{87AB0401-5634-4DAE-8ED9-77DCE524FD80}.Debug|postgres.Build.0 = Debug|postgres
		{87AB0401-5634-4DAE-8ED9-77DCE524FD80}.Debug|sqlite.ActiveCfg = Debug|sqlite
		{87AB0401-5634-4DAE-8ED9-77DCE524FD80}.Debug|sqlite.Build.0 = Debug|sqlite
		{87AB0401-5634-4DAE-8ED9-77DCE524FD80}.Mono-Debug|mssql.ActiveCfg = Mono-Debug|mssql
		{87AB0401-5634-4DAE-8ED9-77DCE524FD80}.Mono-Debug|mssql.Build.0 = Mono-Debug|mssql
		{87AB0401-5634-4DAE-8ED9-77DCE524FD80}.Mono-Debug|mysql.ActiveCfg = Mono-Debug|mysql
		{87AB0401-5634-4DAE-8ED9-77DCE524FD80}.Mono-Debug|mysql.Build.0 = Mono-Debug|mysql
		{87AB0401-5634-4DAE-8ED9-77DCE524FD80}.Mono-Debug|oracle.ActiveCfg = Mono-Debug|oracle
		{87AB0401-5634-4DAE-8ED9-77DCE524FD80}.Mono-Debug|oracle.Build.0 = Mono-Debug|oracle
		{87AB0401-5634-4DAE-8ED9-77DCE524FD80}.Mono-Debug|postgres.ActiveCfg = Mono-Debug|postgres
		{87AB0401-5634-4DAE-8ED9-77DCE524FD80}.Mono-Debug|postgres.Build.0 = Mono-Debug|postgres
		{87AB0401-5634-4DAE-8ED9-77DCE524FD80}.Mono-Debug|sqlite.ActiveCfg = Mono-Debug|sqlite
		{87AB0401-5634-4DAE-8ED9-77DCE524FD80}.Mono-Debug|sqlite.Build.0 = Mono-Debug|sqlite
		{87AB0401-5634-4DAE-8ED9-77DCE524FD80}.Mono-Release|mssql.ActiveCfg = Mono-Release|mssql
		{87AB0401-5634-4DAE-8ED9-77DCE524FD80}.Mono-Release|mssql.Build.0 = Mono-Release|mssql
		{87AB0401-5634-4DAE-8ED9-77DCE524FD80}.Mono-Release|mysql.ActiveCfg = Mono-Release|mysql
		{87AB0401-5634-4DAE-8ED9-77DCE524FD80}.Mono-Release|mysql.Build.0 = Mono-Release|mysql
		{87AB0401-5634-4DAE-8ED9-77DCE524FD80}.Mono-Release|oracle.ActiveCfg = Mono-Release|oracle
		{87AB0401-5634-4DAE-8ED9-77DCE524FD80}.Mono-Release|oracle.Build.0 = Mono-Release|oracle
		{87AB0401-5634-4DAE-8ED9-77DCE524FD80}.Mono-Release|postgres.ActiveCfg = Mono-Release|postgres
		{87AB0401-5634-4DAE-8ED9-77DCE524FD80}.Mono-Release|postgres.Build.0 = Mono-Release|postgres
		{87AB0401-5634-4DAE-8ED9-77DCE524FD80}.Mono-Release|sqlite.ActiveCfg = Mono-Release|sqlite
		{87AB0401-5634-4DAE-8ED9-77DCE524FD80}.Mono-Release|sqlite.Build.0 = Mono-Release|sqlite
		{87AB0401-5634-4DAE-8ED9-77DCE524FD80}.Release|mssql.ActiveCfg = Release|mssql
		{87AB0401-5634-4DAE-8ED9-77DCE524FD80}.Release|mssql.Build.0 = Release|mssql
		{87AB0401-5634-4DAE-8ED9-77DCE524FD80}.Release|mysql.ActiveCfg = Release|mysql
		{87AB0401-5634-4DAE-8ED9-77DCE524FD80}.Release|mysql.Build.0 = Release|mysql
		{87AB0401-5634-4DAE-8ED9-77DCE524FD80}.Release|oracle.ActiveCfg = Release|oracle
		{87AB0401-5634-4DAE-8ED9-77DCE524FD80}.Release|oracle.Build.0 = Release|oracle
		{87AB0401-5634-4DAE-8ED9-77DCE524FD80}.Release|postgres.ActiveCfg = Release|postgres
		{87AB0401-5634-4DAE-8ED9-77DCE524FD80}.Release|postgres.Build.0 = Release|postgres
		{87AB0401-5634-4DAE-8ED9-77DCE524FD80}.Release|sqlite.ActiveCfg = Release|sqlite
		{87AB0401-5634-4DAE-8ED9-77DCE524FD80}.Release|sqlite.Build.0 = Release|sqlite
		{5942CEF1-5760-435F-AE6E-8EC99B243314}.Debug|mssql.ActiveCfg = Debug|mssql
		{5942CEF1-5760-435F-AE6E-8EC99B243314}.Debug|mssql.Build.0 = Debug|mssql
		{5942CEF1-5760-435F-AE6E-8EC99B243314}.Debug|mysql.ActiveCfg = Debug|mysql
		{5942CEF1-5760-435F-AE6E-8EC99B243314}.Debug|mysql.Build.0 = Debug|mysql
		{5942CEF1-5760-435F-AE6E-8EC99B243314}.Debug|oracle.ActiveCfg = Debug|oracle
		{5942CEF1-5760-435F-AE6E-8EC99B243314}.Debug|oracle.Build.0 = Debug|oracle
		{5942CEF1-5760-435F-AE6E-8EC99B243314}.Debug|postgres.ActiveCfg = Debug|postgres
		{5942CEF1-5760-435F-AE6E-8EC99B243314}.Debug|postgres.Build.0 = Debug|postgres
		{5942CEF1-5760-435F-AE6E-8EC99B243314}.Debug|sqlite.ActiveCfg = Debug|sqlite
		{5942CEF1-5760-435F-AE6E-8EC99B243314}.Debug|sqlite.Build.0 = Debug|sqlite
		{5942CEF1-5760-435F-AE6E-8EC99B243314}.Mono-Debug|mssql.ActiveCfg = Mono-Debug|mssql
		{5942CEF1-5760-435F-AE6E-8EC99B243314}.Mono-Debug|mssql.Build.0 = Mono-Debug|mssql
		{5942CEF1-5760-435F-AE6E-8EC99B243314}.Mono-Debug|mysql.ActiveCfg = Mono-Debug|mysql
		{5942CEF1-5760-435F-AE6E-8EC99B243314}.Mono-Debug|mysql.Build.0 = Mono-Debug|mysql
		{5942CEF1-5760-435F-AE6E-8EC99B243314}.Mono-Debug|oracle.ActiveCfg = Mono-Debug|oracle
		{5942CEF1-5760-435F-AE6E-8EC99B243314}.Mono-Debug|oracle.Build.0 = Mono-Debug|oracle
		{5942CEF1-5760-435F-AE6E-8EC99B243314}.Mono-Debug|postgres.ActiveCfg = Mono-Debug|postgres
		{5942CEF1-5760-435F-AE6E-8EC99B243314}.Mono-Debug|postgres.Build.0 = Mono-Debug|postgres
		{5942CEF1-5760-435F-AE6E-8EC99B243314}.Mono-Debug|sqlite.ActiveCfg = Mono-Debug|sqlite
		{5942CEF1-5760-435F-AE6E-8EC99B243314}.Mono-Debug|sqlite.Build.0 = Mono-Debug|sqlite
		{5942CEF1-5760-435F-AE6E-8EC99B243314}.Mono-Release|mssql.ActiveCfg = Mono-Release|mssql
		{5942CEF1-5760-435F-AE6E-8EC99B243314}.Mono-Release|mssql.Build.0 = Mono-Release|mssql
		{5942CEF1-5760-435F-AE6E-8EC99B243314}.Mono-Release|mysql.ActiveCfg = Mono-Release|mysql
		{5942CEF1-5760-435F-AE6E-8EC99B243314}.Mono-Release|mysql.Build.0 = Mono-Release|mysql
		{5942CEF1-5760-435F-AE6E-8EC99B243314}.Mono-Release|oracle.ActiveCfg = Mono-Release|oracle
		{5942CEF1-5760-435F-AE6E-8EC99B243314}.Mono-Release|oracle.Build.0 = Mono-Release|oracle
		{5942CEF1-5760-435F-AE6E-8EC99B243314}.Mono-Release|postgres.ActiveCfg = Mono-Release|postgres
		{5942CEF1-5760-435F-AE6E-8EC99B243314}.Mono-Release|postgres.Build.0 = Mono-Release|postgres
		{5942CEF1-5760-435F-AE6E-8EC99B243314}.Mono-Release|sqlite.ActiveCfg = Mono-Release|sqlite
		{5942CEF1-5760-435F-AE6E-8EC99B243314}.Mono-Release|sqlite.Build.0 = Mono-Release|sqlite
		{5942CEF1-5760-435F-AE6E-8EC99B243314}.Release|mssql.ActiveCfg = Release|mssql
		{5942CEF1-5760-435F-AE6E-8EC99B243314}.Release|mssql.Build.0 = Release|mssql
		{5942CEF1-5760-435F-AE6E-8EC99B243314}.Release|mysql.ActiveCfg = Release|mysql
		{5942CEF1-5760-435F-AE6E-8EC99B243314}.Release|mysql.Build.0 = Release|mysql
		{5942CEF1-5760-435F-AE6E-8EC99B243314}.Release|oracle.ActiveCfg = Release|oracle
		{5942CEF1-5760-435F-AE6E-8EC99B243314}.Release|oracle.Build.0 = Release|oracle
		{5942CEF1-5760-435F-AE6E-8EC99B243314}.Release|postgres.ActiveCfg = Release|postgres
		{5942CEF1-5760-435F-AE6E-8EC99B243314}.Release|postgres.Build.0 = Release|postgres
		{5942CEF1-5760-435F-AE6E-8EC99B243314}.Release|sqlite.ActiveCfg = Release|sqlite
		{5942CEF1-5760-435F-AE6E-8EC99B243314}.Release|sqlite.Build.0 = Release|sqlite
		{3D49FCBB-2056-44F2-99BA-AFEE78086F84}.Debug|mssql.ActiveCfg = Debug|mssql
		{3D49FCBB-2056-44F2-99BA-AFEE78086F84}.Debug|mssql.Build.0 = Debug|mssql
		{3D49FCBB-2056-44F2-99BA-AFEE78086F84}.Debug|mysql.ActiveCfg = Debug|mysql
		{3D49FCBB-2056-44F2-99BA-AFEE78086F84}.Debug|mysql.Build.0 = Debug|mysql
		{3D49FCBB-2056-44F2-99BA-AFEE78086F84}.Debug|oracle.ActiveCfg = Debug|oracle
		{3D49FCBB-2056-44F2-99BA-AFEE78086F84}.Debug|oracle.Build.0 = Debug|oracle
		{3D49FCBB-2056-44F2-99BA-AFEE78086F84}.Debug|postgres.ActiveCfg = Debug|postgres
		{3D49FCBB-2056-44F2-99BA-AFEE78086F84}.Debug|postgres.Build.0 = Debug|postgres
		{3D49FCBB-2056-44F2-99BA-AFEE78086F84}.Debug|sqlite.ActiveCfg = Debug|sqlite
		{3D49FCBB-2056-44F2-99BA-AFEE78086F84}.Debug|sqlite.Build.0 = Debug|sqlite
		{3D49FCBB-2056-44F2-99BA-AFEE78086F84}.Mono-Debug|mssql.ActiveCfg = Mono-Debug|mssql
		{3D49FCBB-2056-44F2-99BA-AFEE78086F84}.Mono-Debug|mssql.Build.0 = Mono-Debug|mssql
		{3D49FCBB-2056-44F2-99BA-AFEE78086F84}.Mono-Debug|mysql.ActiveCfg = Mono-Debug|mysql
		{3D49FCBB-2056-44F2-99BA-AFEE78086F84}.Mono-Debug|mysql.Build.0 = Mono-Debug|mysql
		{3D49FCBB-2056-44F2-99BA-AFEE78086F84}.Mono-Debug|oracle.ActiveCfg = Mono-Debug|oracle
		{3D49FCBB-2056-44F2-99BA-AFEE78086F84}.Mono-Debug|oracle.Build.0 = Mono-Debug|oracle
		{3D49FCBB-2056-44F2-99BA-AFEE78086F84}.Mono-Debug|postgres.ActiveCfg = Mono-Debug|postgres
		{3D49FCBB-2056-44F2-99BA-AFEE78086F84}.Mono-Debug|postgres.Build.0 = Mono-Debug|postgres
		{3D49FCBB-2056-44F2-99BA-AFEE78086F84}.Mono-Debug|sqlite.ActiveCfg = Mono-Debug|sqlite
		{3D49FCBB-2056-44F2-99BA-AFEE78086F84}.Mono-Debug|sqlite.Build.0 = Mono-Debug|sqlite
		{3D49FCBB-2056-44F2-99BA-AFEE78086F84}.Mono-Release|mssql.ActiveCfg = Mono-Release|mssql
		{3D49FCBB-2056-44F2-99BA-AFEE78086F84}.Mono-Release|mssql.Build.0 = Mono-Release|mssql
		{3D49FCBB-2056-44F2-99BA-AFEE78086F84}.Mono-Release|mysql.ActiveCfg = Mono-Release|mysql
		{3D49FCBB-2056-44F2-99BA-AFEE78086F84}.Mono-Release|mysql.Build.0 = Mono-Release|mysql
		{3D49FCBB-2056-44F2-99BA-AFEE78086F84}.Mono-Release|oracle.ActiveCfg = Mono-Release|oracle
		{3D49FCBB-2056-44F2-99BA-AFEE78086F84}.Mono-Release|oracle.Build.0 = Mono-Release|oracle
		{3D49FCBB-2056-44F2-99BA-AFEE78086F84}.Mono-Release|postgres.ActiveCfg = Mono-Release|postgres
		{3D49FCBB-2056-44F2-99BA-AFEE78086F84}.Mono-Release|postgres.Build.0 = Mono-Release|postgres
		{3D49FCBB-2056-44F2-99BA-AFEE78086F84}.Mono-Release|sqlite.ActiveCfg = Mono-Release|sqlite
		{3D49FCBB-2056-44F2-99BA-AFEE78086F84}.Mono-Release|sqlite.Build.0 = Mono-Release|sqlite
		{3D49FCBB-2056-44F2-99BA-AFEE78086F84}.Release|mssql.ActiveCfg = Release|mssql
		{3D49FCBB-2056-44F2-99BA-AFEE78086F84}.Release|mssql.Build.0 = Release|mssql
		{3D49FCBB-2056-44F2-99BA-AFEE78086F84}.Release|mysql.ActiveCfg = Release|mysql
		{3D49FCBB-2056-44F2-99BA-AFEE78086F84}.Release|mysql.Build.0 = Release|mysql
		{3D49FCBB-2056-44F2-99BA-AFEE78086F84}.Release|oracle.ActiveCfg = Release|oracle
		{3D49FCBB-2056-44F2-99BA-AFEE78086F84}.Release|oracle.Build.0 = Release|oracle
		{3D49FCBB-2056-44F2-99BA-AFEE78086F84}.Release|postgres.ActiveCfg = Release|postgres
		{3D49FCBB-2056-44F2-99BA-AFEE78086F84}.Release|postgres.Build.0 = Release|postgres
		{3D49FCBB-2056-44F2-99BA-AFEE78086F84}.Release|sqlite.ActiveCfg = Release|sqlite
		{3D49FCBB-2056-44F2-99BA-AFEE78086F84}.Release|sqlite.Build.0 = Release|sqlite
		{648E95EC-A041-41B6-B201-B82AD0440A77}.Debug|mssql.ActiveCfg = Debug|mssql
		{648E95EC-A041-41B6-B201-B82AD0440A77}.Debug|mssql.Build.0 = Debug|mssql
		{648E95EC-A041-41B6-B201-B82AD0440A77}.Debug|mysql.ActiveCfg = Debug|mysql
		{648E95EC-A041-41B6-B201-B82AD0440A77}.Debug|mysql.Build.0 = Debug|mysql
		{648E95EC-A041-41B6-B201-B82AD0440A77}.Debug|oracle.ActiveCfg = Debug|oracle
		{648E95EC-A041-41B6-B201-B82AD0440A77}.Debug|oracle.Build.0 = Debug|oracle
		{648E95EC-A041-41B6-B201-B82AD0440A77}.Debug|postgres.ActiveCfg = Debug|postgres
		{648E95EC-A041-41B6-B201-B82AD0440A77}.Debug|postgres.Build.0 = Debug|postgres
		{648E95EC-A041-41B6-B201-B82AD0440A77}.Debug|sqlite.ActiveCfg = Debug|sqlite
		{648E95EC-A041-41B6-B201-B82AD0440A77}.Debug|sqlite.Build.0 = Debug|sqlite
		{648E95EC-A041-41B6-B201-B82AD0440A77}.Mono-Debug|mssql.ActiveCfg = Mono-Debug|mssql
		{648E95EC-A041-41B6-B201-B82AD0440A77}.Mono-Debug|mssql.Build.0 = Mono-Debug|mssql
		{648E95EC-A041-41B6-B201-B82AD0440A77}.Mono-Debug|mysql.ActiveCfg = Mono-Debug|mysql
		{648E95EC-A041-41B6-B201-B82AD0440A77}.Mono-Debug|mysql.Build.0 = Mono-Debug|mysql
		{648E95EC-A041-41B6-B201-B82AD0440A77}.Mono-Debug|oracle.ActiveCfg = Mono-Debug|oracle
		{648E95EC-A041-41B6-B201-B82AD0440A77}.Mono-Debug|oracle.Build.0 = Mono-Debug|oracle
		{648E95EC-A041-41B6-B201-B82AD0440A77}.Mono-Debug|postgres.ActiveCfg = Mono-Debug|postgres
		{648E95EC-A041-41B6-B201-B82AD0440A77}.Mono-Debug|postgres.Build.0 = Mono-Debug|postgres
		{648E95EC-A041-41B6-B201-B82AD0440A77}.Mono-Debug|sqlite.ActiveCfg = Mono-Debug|sqlite
		{648E95EC-A041-41B6-B201-B82AD0440A77}.Mono-Debug|sqlite.Build.0 = Mono-Debug|sqlite
		{648E95EC-A041-41B6-B201-B82AD0440A77}.Mono-Release|mssql.ActiveCfg = Mono-Release|mssql
		{648E95EC-A041-41B6-B201-B82AD0440A77}.Mono-Release|mssql.Build.0 = Mono-Release|mssql
		{648E95EC-A041-41B6-B201-B82AD0440A77}.Mono-Release|mysql.ActiveCfg = Mono-Release|mysql
		{648E95EC-A041-41B6-B201-B82AD0440A77}.Mono-Release|mysql.Build.0 = Mono-Release|mysql
		{648E95EC-A041-41B6-B201-B82AD0440A77}.Mono-Release|oracle.ActiveCfg = Mono-Release|oracle
		{648E95EC-A041-41B6-B201-B82AD0440A77}.Mono-Release|oracle.Build.0 = Mono-Release|oracle
		{648E95EC-A041-41B6-B201-B82AD0440A77}.Mono-Release|postgres.ActiveCfg = Mono-Release|postgres
		{648E95EC-A041-41B6-B201-B82AD0440A77}.Mono-Release|postgres.Build.0 = Mono-Release|postgres
		{648E95EC-A041-41B6-B201-B82AD0440A77}.Mono-Release|sqlite.ActiveCfg = Mono-Release|sqlite
		{648E95EC-A041-41B6-B201-B82AD0440A77}.Mono-Release|sqlite.Build.0 = Mono-Release|sqlite
		{648E95EC-A041-41B6-B201-B82AD0440A77}.Release|mssql.ActiveCfg = Release|mssql
		{648E95EC-A041-41B6-B201-B82AD0440A77}.Release|mssql.Build.0 = Release|mssql
		{648E95EC-A041-41B6-B201-B82AD0440A77}.Release|mysql.ActiveCfg = Release|mysql
		{648E95EC-A041-41B6-B201-B82AD0440A77}.Release|mysql.Build.0 = Release|mysql
		{648E95EC-A041-41B6-B201-B82AD0440A77}.Release|oracle.ActiveCfg = Release|oracle
		{648E95EC-A041-41B6-B201-B82AD0440A77}.Release|oracle.Build.0 = Release|oracle
		{648E95EC-A041-41B6-B201-B82AD0440A77}.Release|postgres.ActiveCfg = Release|postgres
		{648E95EC-A041-41B6-B201-B82AD0440A77}.Release|postgres.Build.0 = Release|postgres
		{648E95EC-A041-41B6-B201-B82AD0440A77}.Release|sqlite.ActiveCfg = Release|sqlite
		{648E95EC-A041-41B6-B201-B82AD0440A77}.Release|sqlite.Build.0 = Release|sqlite
		{BD10F917-67D6-40F9-B934-ACE73E30E6F3}.Debug|mssql.ActiveCfg = Debug|mssql
		{BD10F917-67D6-40F9-B934-ACE73E30E6F3}.Debug|mssql.Build.0 = Debug|mssql
		{BD10F917-67D6-40F9-B934-ACE73E30E6F3}.Debug|mysql.ActiveCfg = Debug|mysql
		{BD10F917-67D6-40F9-B934-ACE73E30E6F3}.Debug|mysql.Build.0 = Debug|mysql
		{BD10F917-67D6-40F9-B934-ACE73E30E6F3}.Debug|oracle.ActiveCfg = Debug|oracle
		{BD10F917-67D6-40F9-B934-ACE73E30E6F3}.Debug|oracle.Build.0 = Debug|oracle
		{BD10F917-67D6-40F9-B934-ACE73E30E6F3}.Debug|postgres.ActiveCfg = Debug|postgres
		{BD10F917-67D6-40F9-B934-ACE73E30E6F3}.Debug|postgres.Build.0 = Debug|postgres
		{BD10F917-67D6-40F9-B934-ACE73E30E6F3}.Debug|sqlite.ActiveCfg = Debug|sqlite
		{BD10F917-67D6-40F9-B934-ACE73E30E6F3}.Debug|sqlite.Build.0 = Debug|sqlite
		{BD10F917-67D6-40F9-B934-ACE73E30E6F3}.Mono-Debug|mssql.ActiveCfg = Debug|mssql
		{BD10F917-67D6-40F9-B934-ACE73E30E6F3}.Mono-Debug|mssql.Build.0 = Debug|mssql
		{BD10F917-67D6-40F9-B934-ACE73E30E6F3}.Mono-Debug|mysql.ActiveCfg = Debug|mysql
		{BD10F917-67D6-40F9-B934-ACE73E30E6F3}.Mono-Debug|mysql.Build.0 = Debug|mysql
		{BD10F917-67D6-40F9-B934-ACE73E30E6F3}.Mono-Debug|oracle.ActiveCfg = Debug|oracle
		{BD10F917-67D6-40F9-B934-ACE73E30E6F3}.Mono-Debug|oracle.Build.0 = Debug|oracle
		{BD10F917-67D6-40F9-B934-ACE73E30E6F3}.Mono-Debug|postgres.ActiveCfg = Debug|postgres
		{BD10F917-67D6-40F9-B934-ACE73E30E6F3}.Mono-Debug|postgres.Build.0 = Debug|postgres
		{BD10F917-67D6-40F9-B934-ACE73E30E6F3}.Mono-Debug|sqlite.ActiveCfg = Debug|sqlite
		{BD10F917-67D6-40F9-B934-ACE73E30E6F3}.Mono-Debug|sqlite.Build.0 = Debug|sqlite
		{BD10F917-67D6-40F9-B934-ACE73E30E6F3}.Mono-Release|mssql.ActiveCfg = Release|mssql
		{BD10F917-67D6-40F9-B934-ACE73E30E6F3}.Mono-Release|mssql.Build.0 = Release|mssql
		{BD10F917-67D6-40F9-B934-ACE73E30E6F3}.Mono-Release|mysql.ActiveCfg = Release|mysql
		{BD10F917-67D6-40F9-B934-ACE73E30E6F3}.Mono-Release|mysql.Build.0 = Release|mysql
		{BD10F917-67D6-40F9-B934-ACE73E30E6F3}.Mono-Release|oracle.ActiveCfg = Release|oracle
		{BD10F917-67D6-40F9-B934-ACE73E30E6F3}.Mono-Release|oracle.Build.0 = Release|oracle
		{BD10F917-67D6-40F9-B934-ACE73E30E6F3}.Mono-Release|postgres.ActiveCfg = Release|postgres
		{BD10F917-67D6-40F9-B934-ACE73E30E6F3}.Mono-Release|postgres.Build.0 = Release|postgres
		{BD10F917-67D6-40F9-B934-ACE73E30E6F3}.Mono-Release|sqlite.ActiveCfg = Release|sqlite
		{BD10F917-67D6-40F9-B934-ACE73E30E6F3}.Mono-Release|sqlite.Build.0 = Release|sqlite
		{BD10F917-67D6-40F9-B934-ACE73E30E6F3}.Release|mssql.ActiveCfg = Release|mssql
		{BD10F917-67D6-40F9-B934-ACE73E30E6F3}.Release|mssql.Build.0 = Release|mssql
		{BD10F917-67D6-40F9-B934-ACE73E30E6F3}.Release|mysql.ActiveCfg = Release|mysql
		{BD10F917-67D6-40F9-B934-ACE73E30E6F3}.Release|mysql.Build.0 = Release|mysql
		{BD10F917-67D6-40F9-B934-ACE73E30E6F3}.Release|oracle.ActiveCfg = Release|oracle
		{BD10F917-67D6-40F9-B934-ACE73E30E6F3}.Release|oracle.Build.0 = Release|oracle
		{BD10F917-67D6-40F9-B934-ACE73E30E6F3}.Release|postgres.ActiveCfg = Release|postgres
		{BD10F917-67D6-40F9-B934-ACE73E30E6F3}.Release|postgres.Build.0 = Release|postgres
		{BD10F917-67D6-40F9-B934-ACE73E30E6F3}.Release|sqlite.ActiveCfg = Release|sqlite
		{BD10F917-67D6-40F9-B934-ACE73E30E6F3}.Release|sqlite.Build.0 = Release|sqlite
	EndGlobalSection
	GlobalSection(SolutionProperties) = preSolution
		HideSolutionNode = FALSE
	EndGlobalSection
	GlobalSection(NestedProjects) = preSolution
		{9547EA97-71B2-4507-A4C0-4FA0A7FF3BE2} = {4ED50A48-424F-4C4A-85F1-0EF76EE07AE0}
		{4B0039AE-5D37-4849-9691-39C6C54710B8} = {4ED50A48-424F-4C4A-85F1-0EF76EE07AE0}
		{A68E76D2-36DE-46D5-B779-FA9AFD961640} = {4ED50A48-424F-4C4A-85F1-0EF76EE07AE0}
	EndGlobalSection
	GlobalSection(SubversionScc) = preSolution
		Svn-Managed = True
		Manager = AnkhSVN - Subversion Support for Visual Studio
	EndGlobalSection
EndGlobal
