
Microsoft Visual Studio Solution File, Format Version 10.00
# Visual Studio 2008
Project("{FAE04EC0-301F-11D3-BF4B-00C04F79EFBC}") = "Tenor", "Tenor\Tenor.csproj", "{5FAE8827-5AED-4918-9FFB-85B7E91901F5}"
EndProject
Project("{FAE04EC0-301F-11D3-BF4B-00C04F79EFBC}") = "Tenor.Web.UI", "Tenor.Web.UI\Tenor.Web.UI.csproj", "{87AB0401-5634-4DAE-8ED9-77DCE524FD80}"
EndProject
Project("{E24C65DC-7377-472B-9ABA-BC803B73C61A}") = "SampleApp", "SampleApp\", "{54987DF1-E68C-41A7-89D3-13A71CABFF87}"
	ProjectSection(WebsiteProperties) = preProject
		TargetFramework = "2.0"
		ProjectReferences = "{5FAE8827-5AED-4918-9FFB-85B7E91901F5}|Tenor.dll;{87AB0401-5634-4DAE-8ED9-77DCE524FD80}|Tenor.Web.UI.dll;"
		Debug.AspNetCompiler.VirtualPath = "/SampleApp"
		Debug.AspNetCompiler.PhysicalPath = "SampleApp\"
		Debug.AspNetCompiler.TargetPath = "PrecompiledWeb\SampleApp\"
		Debug.AspNetCompiler.Updateable = "true"
		Debug.AspNetCompiler.ForceOverwrite = "true"
		Debug.AspNetCompiler.FixedNames = "false"
		Debug.AspNetCompiler.Debug = "True"
		Release.AspNetCompiler.VirtualPath = "/SampleApp"
		Release.AspNetCompiler.PhysicalPath = "SampleApp\"
		Release.AspNetCompiler.TargetPath = "PrecompiledWeb\SampleApp\"
		Release.AspNetCompiler.Updateable = "true"
		Release.AspNetCompiler.ForceOverwrite = "true"
		Release.AspNetCompiler.FixedNames = "false"
		Release.AspNetCompiler.Debug = "False"
		VWDPort = "1228"
		DefaultWebSiteLanguage = "Visual C#"
	EndProjectSection
EndProject
Project("{FAE04EC0-301F-11D3-BF4B-00C04F79EFBC}") = "TenorTemplate", "TenorTemplate\TenorTemplate.csproj", "{68CAEADF-8DE8-4A43-8D4D-6373C05563A6}"
EndProject
Global
	GlobalSection(SubversionScc) = preSolution
		Svn-Managed = True
		Manager = AnkhSVN - Subversion Support for Visual Studio
	EndGlobalSection
	GlobalSection(SolutionConfigurationPlatforms) = preSolution
		Debug|.NET = Debug|.NET
		Debug|Any CPU = Debug|Any CPU
		Debug|Mixed Platforms = Debug|Mixed Platforms
		MonoRelease|.NET = MonoRelease|.NET
		MonoRelease|Any CPU = MonoRelease|Any CPU
		MonoRelease|Mixed Platforms = MonoRelease|Mixed Platforms
		Release|.NET = Release|.NET
		Release|Any CPU = Release|Any CPU
		Release|Mixed Platforms = Release|Mixed Platforms
	EndGlobalSection
	GlobalSection(ProjectConfigurationPlatforms) = postSolution
		{5FAE8827-5AED-4918-9FFB-85B7E91901F5}.Debug|.NET.ActiveCfg = Debug|Any CPU
		{5FAE8827-5AED-4918-9FFB-85B7E91901F5}.Debug|.NET.Build.0 = Debug|Any CPU
		{5FAE8827-5AED-4918-9FFB-85B7E91901F5}.Debug|Any CPU.ActiveCfg = Debug|Any CPU
		{5FAE8827-5AED-4918-9FFB-85B7E91901F5}.Debug|Any CPU.Build.0 = Debug|Any CPU
		{5FAE8827-5AED-4918-9FFB-85B7E91901F5}.Debug|Mixed Platforms.ActiveCfg = Debug|Any CPU
		{5FAE8827-5AED-4918-9FFB-85B7E91901F5}.Debug|Mixed Platforms.Build.0 = Debug|Any CPU
		{5FAE8827-5AED-4918-9FFB-85B7E91901F5}.MonoRelease|.NET.ActiveCfg = MonoRelease|Any CPU
		{5FAE8827-5AED-4918-9FFB-85B7E91901F5}.MonoRelease|Any CPU.ActiveCfg = MonoRelease|Any CPU
		{5FAE8827-5AED-4918-9FFB-85B7E91901F5}.MonoRelease|Any CPU.Build.0 = MonoRelease|Any CPU
		{5FAE8827-5AED-4918-9FFB-85B7E91901F5}.MonoRelease|Mixed Platforms.ActiveCfg = MonoRelease|Any CPU
		{5FAE8827-5AED-4918-9FFB-85B7E91901F5}.MonoRelease|Mixed Platforms.Build.0 = MonoRelease|Any CPU
		{5FAE8827-5AED-4918-9FFB-85B7E91901F5}.Release|.NET.ActiveCfg = Release|Any CPU
		{5FAE8827-5AED-4918-9FFB-85B7E91901F5}.Release|Any CPU.ActiveCfg = Release|Any CPU
		{5FAE8827-5AED-4918-9FFB-85B7E91901F5}.Release|Any CPU.Build.0 = Release|Any CPU
		{5FAE8827-5AED-4918-9FFB-85B7E91901F5}.Release|Mixed Platforms.ActiveCfg = Release|Any CPU
		{5FAE8827-5AED-4918-9FFB-85B7E91901F5}.Release|Mixed Platforms.Build.0 = Release|Any CPU
		{87AB0401-5634-4DAE-8ED9-77DCE524FD80}.Debug|.NET.ActiveCfg = Debug|Any CPU
		{87AB0401-5634-4DAE-8ED9-77DCE524FD80}.Debug|.NET.Build.0 = Debug|Any CPU
		{87AB0401-5634-4DAE-8ED9-77DCE524FD80}.Debug|Any CPU.ActiveCfg = Debug|Any CPU
		{87AB0401-5634-4DAE-8ED9-77DCE524FD80}.Debug|Any CPU.Build.0 = Debug|Any CPU
		{87AB0401-5634-4DAE-8ED9-77DCE524FD80}.Debug|Mixed Platforms.ActiveCfg = Debug|Any CPU
		{87AB0401-5634-4DAE-8ED9-77DCE524FD80}.Debug|Mixed Platforms.Build.0 = Debug|Any CPU
		{87AB0401-5634-4DAE-8ED9-77DCE524FD80}.MonoRelease|.NET.ActiveCfg = MonoRelease|Any CPU
		{87AB0401-5634-4DAE-8ED9-77DCE524FD80}.MonoRelease|Any CPU.ActiveCfg = MonoRelease|Any CPU
		{87AB0401-5634-4DAE-8ED9-77DCE524FD80}.MonoRelease|Any CPU.Build.0 = MonoRelease|Any CPU
		{87AB0401-5634-4DAE-8ED9-77DCE524FD80}.MonoRelease|Mixed Platforms.ActiveCfg = MonoRelease|Any CPU
		{87AB0401-5634-4DAE-8ED9-77DCE524FD80}.MonoRelease|Mixed Platforms.Build.0 = MonoRelease|Any CPU
		{87AB0401-5634-4DAE-8ED9-77DCE524FD80}.Release|.NET.ActiveCfg = Release|Any CPU
		{87AB0401-5634-4DAE-8ED9-77DCE524FD80}.Release|Any CPU.ActiveCfg = Release|Any CPU
		{87AB0401-5634-4DAE-8ED9-77DCE524FD80}.Release|Any CPU.Build.0 = Release|Any CPU
		{87AB0401-5634-4DAE-8ED9-77DCE524FD80}.Release|Mixed Platforms.ActiveCfg = Release|Any CPU
		{87AB0401-5634-4DAE-8ED9-77DCE524FD80}.Release|Mixed Platforms.Build.0 = Release|Any CPU
		{54987DF1-E68C-41A7-89D3-13A71CABFF87}.Debug|.NET.ActiveCfg = Debug|.NET
		{54987DF1-E68C-41A7-89D3-13A71CABFF87}.Debug|.NET.Build.0 = Debug|.NET
		{54987DF1-E68C-41A7-89D3-13A71CABFF87}.Debug|Any CPU.ActiveCfg = Debug|.NET
		{54987DF1-E68C-41A7-89D3-13A71CABFF87}.Debug|Mixed Platforms.ActiveCfg = Debug|.NET
		{54987DF1-E68C-41A7-89D3-13A71CABFF87}.Debug|Mixed Platforms.Build.0 = Debug|.NET
		{54987DF1-E68C-41A7-89D3-13A71CABFF87}.MonoRelease|.NET.ActiveCfg = Debug|.NET
		{54987DF1-E68C-41A7-89D3-13A71CABFF87}.MonoRelease|.NET.Build.0 = Debug|.NET
		{54987DF1-E68C-41A7-89D3-13A71CABFF87}.MonoRelease|Any CPU.ActiveCfg = Debug|.NET
		{54987DF1-E68C-41A7-89D3-13A71CABFF87}.MonoRelease|Mixed Platforms.ActiveCfg = Debug|.NET
		{54987DF1-E68C-41A7-89D3-13A71CABFF87}.MonoRelease|Mixed Platforms.Build.0 = Debug|.NET
		{54987DF1-E68C-41A7-89D3-13A71CABFF87}.Release|.NET.ActiveCfg = Debug|.NET
		{54987DF1-E68C-41A7-89D3-13A71CABFF87}.Release|.NET.Build.0 = Debug|.NET
		{54987DF1-E68C-41A7-89D3-13A71CABFF87}.Release|Any CPU.ActiveCfg = Debug|.NET
		{54987DF1-E68C-41A7-89D3-13A71CABFF87}.Release|Mixed Platforms.ActiveCfg = Debug|.NET
		{54987DF1-E68C-41A7-89D3-13A71CABFF87}.Release|Mixed Platforms.Build.0 = Debug|.NET
		{68CAEADF-8DE8-4A43-8D4D-6373C05563A6}.Debug|.NET.ActiveCfg = Debug|Any CPU
		{68CAEADF-8DE8-4A43-8D4D-6373C05563A6}.Debug|Any CPU.ActiveCfg = Debug|Any CPU
		{68CAEADF-8DE8-4A43-8D4D-6373C05563A6}.Debug|Any CPU.Build.0 = Debug|Any CPU
		{68CAEADF-8DE8-4A43-8D4D-6373C05563A6}.Debug|Mixed Platforms.ActiveCfg = Debug|Any CPU
		{68CAEADF-8DE8-4A43-8D4D-6373C05563A6}.Debug|Mixed Platforms.Build.0 = Debug|Any CPU
		{68CAEADF-8DE8-4A43-8D4D-6373C05563A6}.MonoRelease|.NET.ActiveCfg = Release|Any CPU
		{68CAEADF-8DE8-4A43-8D4D-6373C05563A6}.MonoRelease|Any CPU.ActiveCfg = Release|Any CPU
		{68CAEADF-8DE8-4A43-8D4D-6373C05563A6}.MonoRelease|Any CPU.Build.0 = Release|Any CPU
		{68CAEADF-8DE8-4A43-8D4D-6373C05563A6}.MonoRelease|Mixed Platforms.ActiveCfg = Release|Any CPU
		{68CAEADF-8DE8-4A43-8D4D-6373C05563A6}.MonoRelease|Mixed Platforms.Build.0 = Release|Any CPU
		{68CAEADF-8DE8-4A43-8D4D-6373C05563A6}.Release|.NET.ActiveCfg = Release|Any CPU
		{68CAEADF-8DE8-4A43-8D4D-6373C05563A6}.Release|Any CPU.ActiveCfg = Release|Any CPU
		{68CAEADF-8DE8-4A43-8D4D-6373C05563A6}.Release|Any CPU.Build.0 = Release|Any CPU
		{68CAEADF-8DE8-4A43-8D4D-6373C05563A6}.Release|Mixed Platforms.ActiveCfg = Release|Any CPU
		{68CAEADF-8DE8-4A43-8D4D-6373C05563A6}.Release|Mixed Platforms.Build.0 = Release|Any CPU
	EndGlobalSection
	GlobalSection(SolutionProperties) = preSolution
		HideSolutionNode = FALSE
	EndGlobalSection
EndGlobal
